
Microsoft Visual Studio Solution File, Format Version 12.00
# Visual Studio 15
VisualStudioVersion = 15.0.27130.2020
MinimumVisualStudioVersion = 10.0.40219.1
Project("{FAE04EC0-301F-11D3-BF4B-00C04F79EFBC}") = "ECS.WebAPI", "ECS.WebAPI\ECS.WebAPI.csproj", "{5D619797-A7BB-4852-85D5-2BCE200773F8}"
EndProject
Project("{FAE04EC0-301F-11D3-BF4B-00C04F79EFBC}") = "ECS.WebAPI.Tests", "ECS.WebAPI.Tests\ECS.WebAPI.Tests.csproj", "{3D8C04FE-2C81-48D5-8BE2-67457DFFD164}"
EndProject
Project("{2150E333-8FDC-42A3-9474-1A3956D46DE8}") = "Business Layer", "Business Layer", "{543FBCB6-A3C7-4DFA-B603-92A7BA77631E}"
EndProject
Project("{2150E333-8FDC-42A3-9474-1A3956D46DE8}") = "Tests", "Tests", "{CF57320B-093C-4296-B1D8-609572384C71}"
EndProject
Project("{2150E333-8FDC-42A3-9474-1A3956D46DE8}") = "Services", "Services", "{005067D1-F007-4094-8987-A11A9A76D295}"
EndProject
Project("{FAE04EC0-301F-11D3-BF4B-00C04F79EFBC}") = "ECS.DTO", "ECS.DTO\ECS.DTO.csproj", "{40BC80F4-7950-4A6F-B94F-C35F7081A48B}"
EndProject
Project("{FAE04EC0-301F-11D3-BF4B-00C04F79EFBC}") = "ECS.Models", "ECS.Models\ECS.Models.csproj", "{F8F04460-D2EB-4907-8B96-C3B915749A82}"
EndProject
Project("{FAE04EC0-301F-11D3-BF4B-00C04F79EFBC}") = "ECS.WebAPI.Services", "ECS.WebAPI.Services\ECS.WebAPI.Services.csproj", "{E8FF7A08-685C-4B1F-A669-3628AE5A8E01}"
EndProject
Project("{2150E333-8FDC-42A3-9474-1A3956D46DE8}") = "Data Access", "Data Access", "{A432279A-8FAA-42DE-A56B-04612F32BF72}"
EndProject
Global
	GlobalSection(SolutionConfigurationPlatforms) = preSolution
		Debug|Any CPU = Debug|Any CPU
		Release|Any CPU = Release|Any CPU
	EndGlobalSection
	GlobalSection(ProjectConfigurationPlatforms) = postSolution
		{5D619797-A7BB-4852-85D5-2BCE200773F8}.Debug|Any CPU.ActiveCfg = Debug|Any CPU
		{5D619797-A7BB-4852-85D5-2BCE200773F8}.Debug|Any CPU.Build.0 = Debug|Any CPU
		{5D619797-A7BB-4852-85D5-2BCE200773F8}.Release|Any CPU.ActiveCfg = Release|Any CPU
		{5D619797-A7BB-4852-85D5-2BCE200773F8}.Release|Any CPU.Build.0 = Release|Any CPU
		{3D8C04FE-2C81-48D5-8BE2-67457DFFD164}.Debug|Any CPU.ActiveCfg = Debug|Any CPU
		{3D8C04FE-2C81-48D5-8BE2-67457DFFD164}.Debug|Any CPU.Build.0 = Debug|Any CPU
		{3D8C04FE-2C81-48D5-8BE2-67457DFFD164}.Release|Any CPU.ActiveCfg = Release|Any CPU
		{3D8C04FE-2C81-48D5-8BE2-67457DFFD164}.Release|Any CPU.Build.0 = Release|Any CPU
		{40BC80F4-7950-4A6F-B94F-C35F7081A48B}.Debug|Any CPU.ActiveCfg = Debug|Any CPU
		{40BC80F4-7950-4A6F-B94F-C35F7081A48B}.Debug|Any CPU.Build.0 = Debug|Any CPU
		{40BC80F4-7950-4A6F-B94F-C35F7081A48B}.Release|Any CPU.ActiveCfg = Release|Any CPU
		{40BC80F4-7950-4A6F-B94F-C35F7081A48B}.Release|Any CPU.Build.0 = Release|Any CPU
		{F8F04460-D2EB-4907-8B96-C3B915749A82}.Debug|Any CPU.ActiveCfg = Debug|Any CPU
		{F8F04460-D2EB-4907-8B96-C3B915749A82}.Debug|Any CPU.Build.0 = Debug|Any CPU
		{F8F04460-D2EB-4907-8B96-C3B915749A82}.Release|Any CPU.ActiveCfg = Release|Any CPU
		{F8F04460-D2EB-4907-8B96-C3B915749A82}.Release|Any CPU.Build.0 = Release|Any CPU
		{E8FF7A08-685C-4B1F-A669-3628AE5A8E01}.Debug|Any CPU.ActiveCfg = Debug|Any CPU
		{E8FF7A08-685C-4B1F-A669-3628AE5A8E01}.Debug|Any CPU.Build.0 = Debug|Any CPU
		{E8FF7A08-685C-4B1F-A669-3628AE5A8E01}.Release|Any CPU.ActiveCfg = Release|Any CPU
		{E8FF7A08-685C-4B1F-A669-3628AE5A8E01}.Release|Any CPU.Build.0 = Release|Any CPU
	EndGlobalSection
	GlobalSection(SolutionProperties) = preSolution
		HideSolutionNode = FALSE
	EndGlobalSection
	GlobalSection(NestedProjects) = preSolution
		{5D619797-A7BB-4852-85D5-2BCE200773F8} = {543FBCB6-A3C7-4DFA-B603-92A7BA77631E}
		{3D8C04FE-2C81-48D5-8BE2-67457DFFD164} = {CF57320B-093C-4296-B1D8-609572384C71}
		{005067D1-F007-4094-8987-A11A9A76D295} = {543FBCB6-A3C7-4DFA-B603-92A7BA77631E}
		{40BC80F4-7950-4A6F-B94F-C35F7081A48B} = {A432279A-8FAA-42DE-A56B-04612F32BF72}
		{F8F04460-D2EB-4907-8B96-C3B915749A82} = {A432279A-8FAA-42DE-A56B-04612F32BF72}
		{E8FF7A08-685C-4B1F-A669-3628AE5A8E01} = {005067D1-F007-4094-8987-A11A9A76D295}
	EndGlobalSection
	GlobalSection(ExtensibilityGlobals) = postSolution
		SolutionGuid = {55C5B19F-E2AD-4407-A079-F94B6292FB17}
	EndGlobalSection
EndGlobal
