
Microsoft Visual Studio Solution File, Format Version 12.00
# Visual Studio 15
VisualStudioVersion = 15.0.27130.2036
MinimumVisualStudioVersion = 10.0.40219.1
Project("{FAE04EC0-301F-11D3-BF4B-00C04F79EFBC}") = "ECS.WebAPI", "ECS.WebAPI\ECS.WebAPI.csproj", "{5D619797-A7BB-4852-85D5-2BCE200773F8}"
EndProject
Project("{2150E333-8FDC-42A3-9474-1A3956D46DE8}") = "Business Logic", "Business Logic", "{543FBCB6-A3C7-4DFA-B603-92A7BA77631E}"
EndProject
Project("{2150E333-8FDC-42A3-9474-1A3956D46DE8}") = "Tests", "Tests", "{CF57320B-093C-4296-B1D8-609572384C71}"
EndProject
Project("{2150E333-8FDC-42A3-9474-1A3956D46DE8}") = "Services", "Services", "{005067D1-F007-4094-8987-A11A9A76D295}"
EndProject
Project("{FAE04EC0-301F-11D3-BF4B-00C04F79EFBC}") = "ECS.DTO", "ECS.DTO\ECS.DTO.csproj", "{40BC80F4-7950-4A6F-B94F-C35F7081A48B}"
EndProject
Project("{FAE04EC0-301F-11D3-BF4B-00C04F79EFBC}") = "ECS.Models", "ECS.Models\ECS.Models.csproj", "{F8F04460-D2EB-4907-8B96-C3B915749A82}"
EndProject
Project("{FAE04EC0-301F-11D3-BF4B-00C04F79EFBC}") = "ECS.WebAPI.Services", "ECS.WebAPI.Services\ECS.WebAPI.Services.csproj", "{E8FF7A08-685C-4B1F-A669-3628AE5A8E01}"
EndProject
Project("{2150E333-8FDC-42A3-9474-1A3956D46DE8}") = "Data Access", "Data Access", "{A432279A-8FAA-42DE-A56B-04612F32BF72}"
EndProject
Project("{FAE04EC0-301F-11D3-BF4B-00C04F79EFBC}") = "ECS.WebAPI.Tests", "ECS.WebAPI.Tests\ECS.WebAPI.Tests.csproj", "{B561FD29-6C5E-4F69-8181-B023E154BBD3}"
EndProject
Project("{FAE04EC0-301F-11D3-BF4B-00C04F79EFBC}") = "DotNetOpenAuth.LinkedInOAuth2", "DotNetOpenAuth.LinkedInOAuth2\DotNetOpenAuth.LinkedInOAuth2.csproj", "{565B5EEA-A5A3-4A98-8B66-531FE6780AE7}"
EndProject
Project("{2150E333-8FDC-42A3-9474-1A3956D46DE8}") = "WebAPI Pipeline", "WebAPI Pipeline", "{29EBDCAE-51FB-467A-8425-1C104C476DAF}"
EndProject
Project("{2150E333-8FDC-42A3-9474-1A3956D46DE8}") = "Modules", "Modules", "{161278E8-A596-4B0F-8165-DC893992E14C}"
EndProject
Project("{2150E333-8FDC-42A3-9474-1A3956D46DE8}") = "Handlers", "Handlers", "{EC6B7273-768E-4199-9685-31316D2F0E50}"
EndProject
Project("{FAE04EC0-301F-11D3-BF4B-00C04F79EFBC}") = "ECS.WebAPI.Services.Tests", "ECS.WebAPI.Services.Tests\ECS.WebAPI.Services.Tests.csproj", "{7C603835-8883-428E-BD3A-040ECC06A0DA}"
EndProject
Project("{FAE04EC0-301F-11D3-BF4B-00C04F79EFBC}") = "ECS.WebCrawler.Tests", "ECS.WebCrawler.Tests\ECS.WebCrawler.Tests.csproj", "{90F7C475-0C26-499C-99CE-83B1282D87C2}"
EndProject
Project("{FAE04EC0-301F-11D3-BF4B-00C04F79EFBC}") = "ECS.WebCrawler", "ECS.WebCrawler\ECS.WebCrawler.csproj", "{81AE908E-F95D-42BB-BA63-3314CB7EFC42}"
EndProject
Project("{FAE04EC0-301F-11D3-BF4B-00C04F79EFBC}") = "ECS.Modules.HttpModules", "ECS.Modules.HttpModules\ECS.Modules.HttpModules.csproj", "{66EE900A-EF74-4C99-A9F4-461376747D66}"
EndProject
Project("{FAE04EC0-301F-11D3-BF4B-00C04F79EFBC}") = "ECS.Handlers.HttpHandlers", "ECS.Handlers.HttpHandlers\ECS.Handlers.HttpHandlers.csproj", "{C44BE99A-92D9-4789-9954-A24E1D4F971F}"
EndProject
Project("{FAE04EC0-301F-11D3-BF4B-00C04F79EFBC}") = "HttpClientConsole", "HttpClientConsole\HttpClientConsole.csproj", "{EA2F8C3D-FF92-4715-B283-2A97D3A082E4}"
EndProject
Project("{FAE04EC0-301F-11D3-BF4B-00C04F79EFBC}") = "ECS.Validation", "ECS.Validation\ECS.Validation.csproj", "{684A44A9-6485-448F-97A3-1A40E5FA0AA1}"
EndProject
Project("{00D1A9C2-B5F0-4AF3-8072-F6C62B433612}") = "ECS.DB", "DBTest\ECS.DB.sqlproj", "{E963E3EC-CA8C-4D6B-9866-2A3ED9B7DD4E}"
EndProject
Project("{FAE04EC0-301F-11D3-BF4B-00C04F79EFBC}") = "ECS.WebAPI.DB.Tests", "ECS.WebAPI.DB.Tests\ECS.WebAPI.DB.Tests.csproj", "{E506787F-2DBF-453F-902B-2DC16FFDCE96}"
EndProject
Project("{FAE04EC0-301F-11D3-BF4B-00C04F79EFBC}") = "ECS.RunCrawler", "ECS.RunCrawler\ECS.RunCrawler.csproj", "{6B966E21-3B17-41B3-B68D-12F48794D57E}"
EndProject
Project("{FAE04EC0-301F-11D3-BF4B-00C04F79EFBC}") = "ECS.Repositories", "ECS.Repositories\ECS.Repositories.csproj", "{84B9525B-6D65-493C-8BC5-61CE7AB8C325}"
EndProject
Global
	GlobalSection(SolutionConfigurationPlatforms) = preSolution
		Debug|Any CPU = Debug|Any CPU
		Release|Any CPU = Release|Any CPU
	EndGlobalSection
	GlobalSection(ProjectConfigurationPlatforms) = postSolution
		{5D619797-A7BB-4852-85D5-2BCE200773F8}.Debug|Any CPU.ActiveCfg = Debug|Any CPU
		{5D619797-A7BB-4852-85D5-2BCE200773F8}.Debug|Any CPU.Build.0 = Debug|Any CPU
		{5D619797-A7BB-4852-85D5-2BCE200773F8}.Release|Any CPU.ActiveCfg = Release|Any CPU
		{5D619797-A7BB-4852-85D5-2BCE200773F8}.Release|Any CPU.Build.0 = Release|Any CPU
		{40BC80F4-7950-4A6F-B94F-C35F7081A48B}.Debug|Any CPU.ActiveCfg = Debug|Any CPU
		{40BC80F4-7950-4A6F-B94F-C35F7081A48B}.Debug|Any CPU.Build.0 = Debug|Any CPU
		{40BC80F4-7950-4A6F-B94F-C35F7081A48B}.Release|Any CPU.ActiveCfg = Release|Any CPU
		{40BC80F4-7950-4A6F-B94F-C35F7081A48B}.Release|Any CPU.Build.0 = Release|Any CPU
		{F8F04460-D2EB-4907-8B96-C3B915749A82}.Debug|Any CPU.ActiveCfg = Debug|Any CPU
		{F8F04460-D2EB-4907-8B96-C3B915749A82}.Debug|Any CPU.Build.0 = Debug|Any CPU
		{F8F04460-D2EB-4907-8B96-C3B915749A82}.Release|Any CPU.ActiveCfg = Release|Any CPU
		{F8F04460-D2EB-4907-8B96-C3B915749A82}.Release|Any CPU.Build.0 = Release|Any CPU
		{E8FF7A08-685C-4B1F-A669-3628AE5A8E01}.Debug|Any CPU.ActiveCfg = Debug|Any CPU
		{E8FF7A08-685C-4B1F-A669-3628AE5A8E01}.Debug|Any CPU.Build.0 = Debug|Any CPU
		{E8FF7A08-685C-4B1F-A669-3628AE5A8E01}.Release|Any CPU.ActiveCfg = Release|Any CPU
		{E8FF7A08-685C-4B1F-A669-3628AE5A8E01}.Release|Any CPU.Build.0 = Release|Any CPU
		{B561FD29-6C5E-4F69-8181-B023E154BBD3}.Debug|Any CPU.ActiveCfg = Debug|Any CPU
		{B561FD29-6C5E-4F69-8181-B023E154BBD3}.Debug|Any CPU.Build.0 = Debug|Any CPU
		{B561FD29-6C5E-4F69-8181-B023E154BBD3}.Release|Any CPU.ActiveCfg = Release|Any CPU
		{B561FD29-6C5E-4F69-8181-B023E154BBD3}.Release|Any CPU.Build.0 = Release|Any CPU
		{565B5EEA-A5A3-4A98-8B66-531FE6780AE7}.Debug|Any CPU.ActiveCfg = Debug|Any CPU
		{565B5EEA-A5A3-4A98-8B66-531FE6780AE7}.Debug|Any CPU.Build.0 = Debug|Any CPU
		{565B5EEA-A5A3-4A98-8B66-531FE6780AE7}.Release|Any CPU.ActiveCfg = Release|Any CPU
		{565B5EEA-A5A3-4A98-8B66-531FE6780AE7}.Release|Any CPU.Build.0 = Release|Any CPU
		{7C603835-8883-428E-BD3A-040ECC06A0DA}.Debug|Any CPU.ActiveCfg = Debug|Any CPU
		{7C603835-8883-428E-BD3A-040ECC06A0DA}.Debug|Any CPU.Build.0 = Debug|Any CPU
		{7C603835-8883-428E-BD3A-040ECC06A0DA}.Release|Any CPU.ActiveCfg = Release|Any CPU
		{7C603835-8883-428E-BD3A-040ECC06A0DA}.Release|Any CPU.Build.0 = Release|Any CPU
		{90F7C475-0C26-499C-99CE-83B1282D87C2}.Debug|Any CPU.ActiveCfg = Debug|Any CPU
		{90F7C475-0C26-499C-99CE-83B1282D87C2}.Debug|Any CPU.Build.0 = Debug|Any CPU
		{90F7C475-0C26-499C-99CE-83B1282D87C2}.Release|Any CPU.ActiveCfg = Release|Any CPU
		{90F7C475-0C26-499C-99CE-83B1282D87C2}.Release|Any CPU.Build.0 = Release|Any CPU
		{81AE908E-F95D-42BB-BA63-3314CB7EFC42}.Debug|Any CPU.ActiveCfg = Debug|Any CPU
		{81AE908E-F95D-42BB-BA63-3314CB7EFC42}.Debug|Any CPU.Build.0 = Debug|Any CPU
		{81AE908E-F95D-42BB-BA63-3314CB7EFC42}.Release|Any CPU.ActiveCfg = Release|Any CPU
		{81AE908E-F95D-42BB-BA63-3314CB7EFC42}.Release|Any CPU.Build.0 = Release|Any CPU
		{66EE900A-EF74-4C99-A9F4-461376747D66}.Debug|Any CPU.ActiveCfg = Debug|Any CPU
		{66EE900A-EF74-4C99-A9F4-461376747D66}.Debug|Any CPU.Build.0 = Debug|Any CPU
		{66EE900A-EF74-4C99-A9F4-461376747D66}.Release|Any CPU.ActiveCfg = Release|Any CPU
		{66EE900A-EF74-4C99-A9F4-461376747D66}.Release|Any CPU.Build.0 = Release|Any CPU
		{C44BE99A-92D9-4789-9954-A24E1D4F971F}.Debug|Any CPU.ActiveCfg = Debug|Any CPU
		{C44BE99A-92D9-4789-9954-A24E1D4F971F}.Debug|Any CPU.Build.0 = Debug|Any CPU
		{C44BE99A-92D9-4789-9954-A24E1D4F971F}.Release|Any CPU.ActiveCfg = Release|Any CPU
		{C44BE99A-92D9-4789-9954-A24E1D4F971F}.Release|Any CPU.Build.0 = Release|Any CPU
		{EA2F8C3D-FF92-4715-B283-2A97D3A082E4}.Debug|Any CPU.ActiveCfg = Debug|Any CPU
		{EA2F8C3D-FF92-4715-B283-2A97D3A082E4}.Debug|Any CPU.Build.0 = Debug|Any CPU
		{EA2F8C3D-FF92-4715-B283-2A97D3A082E4}.Release|Any CPU.ActiveCfg = Release|Any CPU
		{EA2F8C3D-FF92-4715-B283-2A97D3A082E4}.Release|Any CPU.Build.0 = Release|Any CPU
		{684A44A9-6485-448F-97A3-1A40E5FA0AA1}.Debug|Any CPU.ActiveCfg = Debug|Any CPU
		{684A44A9-6485-448F-97A3-1A40E5FA0AA1}.Debug|Any CPU.Build.0 = Debug|Any CPU
		{684A44A9-6485-448F-97A3-1A40E5FA0AA1}.Release|Any CPU.ActiveCfg = Release|Any CPU
		{684A44A9-6485-448F-97A3-1A40E5FA0AA1}.Release|Any CPU.Build.0 = Release|Any CPU
		{E963E3EC-CA8C-4D6B-9866-2A3ED9B7DD4E}.Debug|Any CPU.ActiveCfg = Debug|Any CPU
		{E963E3EC-CA8C-4D6B-9866-2A3ED9B7DD4E}.Debug|Any CPU.Build.0 = Debug|Any CPU
		{E963E3EC-CA8C-4D6B-9866-2A3ED9B7DD4E}.Debug|Any CPU.Deploy.0 = Debug|Any CPU
		{E963E3EC-CA8C-4D6B-9866-2A3ED9B7DD4E}.Release|Any CPU.ActiveCfg = Release|Any CPU
		{E963E3EC-CA8C-4D6B-9866-2A3ED9B7DD4E}.Release|Any CPU.Build.0 = Release|Any CPU
		{E963E3EC-CA8C-4D6B-9866-2A3ED9B7DD4E}.Release|Any CPU.Deploy.0 = Release|Any CPU
		{E506787F-2DBF-453F-902B-2DC16FFDCE96}.Debug|Any CPU.ActiveCfg = Debug|Any CPU
		{E506787F-2DBF-453F-902B-2DC16FFDCE96}.Debug|Any CPU.Build.0 = Debug|Any CPU
		{E506787F-2DBF-453F-902B-2DC16FFDCE96}.Release|Any CPU.ActiveCfg = Release|Any CPU
		{E506787F-2DBF-453F-902B-2DC16FFDCE96}.Release|Any CPU.Build.0 = Release|Any CPU
		{6B966E21-3B17-41B3-B68D-12F48794D57E}.Debug|Any CPU.ActiveCfg = Debug|Any CPU
		{6B966E21-3B17-41B3-B68D-12F48794D57E}.Debug|Any CPU.Build.0 = Debug|Any CPU
		{6B966E21-3B17-41B3-B68D-12F48794D57E}.Release|Any CPU.ActiveCfg = Release|Any CPU
		{6B966E21-3B17-41B3-B68D-12F48794D57E}.Release|Any CPU.Build.0 = Release|Any CPU
		{84B9525B-6D65-493C-8BC5-61CE7AB8C325}.Debug|Any CPU.ActiveCfg = Debug|Any CPU
		{84B9525B-6D65-493C-8BC5-61CE7AB8C325}.Debug|Any CPU.Build.0 = Debug|Any CPU
		{84B9525B-6D65-493C-8BC5-61CE7AB8C325}.Release|Any CPU.ActiveCfg = Release|Any CPU
		{84B9525B-6D65-493C-8BC5-61CE7AB8C325}.Release|Any CPU.Build.0 = Release|Any CPU
	EndGlobalSection
	GlobalSection(SolutionProperties) = preSolution
		HideSolutionNode = FALSE
	EndGlobalSection
	GlobalSection(NestedProjects) = preSolution
		{005067D1-F007-4094-8987-A11A9A76D295} = {543FBCB6-A3C7-4DFA-B603-92A7BA77631E}
		{40BC80F4-7950-4A6F-B94F-C35F7081A48B} = {A432279A-8FAA-42DE-A56B-04612F32BF72}
		{F8F04460-D2EB-4907-8B96-C3B915749A82} = {A432279A-8FAA-42DE-A56B-04612F32BF72}
		{E8FF7A08-685C-4B1F-A669-3628AE5A8E01} = {005067D1-F007-4094-8987-A11A9A76D295}
		{B561FD29-6C5E-4F69-8181-B023E154BBD3} = {CF57320B-093C-4296-B1D8-609572384C71}
		{565B5EEA-A5A3-4A98-8B66-531FE6780AE7} = {005067D1-F007-4094-8987-A11A9A76D295}
		{161278E8-A596-4B0F-8165-DC893992E14C} = {29EBDCAE-51FB-467A-8425-1C104C476DAF}
		{EC6B7273-768E-4199-9685-31316D2F0E50} = {29EBDCAE-51FB-467A-8425-1C104C476DAF}
		{7C603835-8883-428E-BD3A-040ECC06A0DA} = {CF57320B-093C-4296-B1D8-609572384C71}
		{90F7C475-0C26-499C-99CE-83B1282D87C2} = {CF57320B-093C-4296-B1D8-609572384C71}
		{66EE900A-EF74-4C99-A9F4-461376747D66} = {161278E8-A596-4B0F-8165-DC893992E14C}
		{C44BE99A-92D9-4789-9954-A24E1D4F971F} = {EC6B7273-768E-4199-9685-31316D2F0E50}
		{EA2F8C3D-FF92-4715-B283-2A97D3A082E4} = {543FBCB6-A3C7-4DFA-B603-92A7BA77631E}
		{E963E3EC-CA8C-4D6B-9866-2A3ED9B7DD4E} = {CF57320B-093C-4296-B1D8-609572384C71}
		{E506787F-2DBF-453F-902B-2DC16FFDCE96} = {CF57320B-093C-4296-B1D8-609572384C71}
		{84B9525B-6D65-493C-8BC5-61CE7AB8C325} = {A432279A-8FAA-42DE-A56B-04612F32BF72}
	EndGlobalSection
	GlobalSection(ExtensibilityGlobals) = postSolution
		SolutionGuid = {55C5B19F-E2AD-4407-A079-F94B6292FB17}
	EndGlobalSection
EndGlobal
