
Microsoft Visual Studio Solution File, Format Version 12.00
# Visual Studio 15
VisualStudioVersion = 15.0.27130.2020
MinimumVisualStudioVersion = 10.0.40219.1
Project("{FAE04EC0-301F-11D3-BF4B-00C04F79EFBC}") = "ECS.WebAPI", "ECS.WebAPI\ECS.WebAPI.csproj", "{5D619797-A7BB-4852-85D5-2BCE200773F8}"
EndProject
Project("{2150E333-8FDC-42A3-9474-1A3956D46DE8}") = "Business Layer", "Business Layer", "{543FBCB6-A3C7-4DFA-B603-92A7BA77631E}"
EndProject
Project("{2150E333-8FDC-42A3-9474-1A3956D46DE8}") = "Tests", "Tests", "{CF57320B-093C-4296-B1D8-609572384C71}"
EndProject
Project("{2150E333-8FDC-42A3-9474-1A3956D46DE8}") = "Services", "Services", "{005067D1-F007-4094-8987-A11A9A76D295}"
EndProject
Project("{FAE04EC0-301F-11D3-BF4B-00C04F79EFBC}") = "ECS.DTO", "ECS.DTO\ECS.DTO.csproj", "{40BC80F4-7950-4A6F-B94F-C35F7081A48B}"
EndProject
Project("{FAE04EC0-301F-11D3-BF4B-00C04F79EFBC}") = "ECS.Models", "ECS.Models\ECS.Models.csproj", "{F8F04460-D2EB-4907-8B96-C3B915749A82}"
EndProject
Project("{FAE04EC0-301F-11D3-BF4B-00C04F79EFBC}") = "ECS.WebAPI.Services", "ECS.WebAPI.Services\ECS.WebAPI.Services.csproj", "{E8FF7A08-685C-4B1F-A669-3628AE5A8E01}"
EndProject
Project("{2150E333-8FDC-42A3-9474-1A3956D46DE8}") = "Data Access", "Data Access", "{A432279A-8FAA-42DE-A56B-04612F32BF72}"
EndProject
Project("{FAE04EC0-301F-11D3-BF4B-00C04F79EFBC}") = "ECS.WebAPI.Tests", "ECS.WebAPI.Tests\ECS.WebAPI.Tests.csproj", "{B561FD29-6C5E-4F69-8181-B023E154BBD3}"
EndProject
Project("{FAE04EC0-301F-11D3-BF4B-00C04F79EFBC}") = "DotNetOpenAuth.LinkedInOAuth2", "DotNetOpenAuth.LinkedInOAuth2\DotNetOpenAuth.LinkedInOAuth2.csproj", "{565B5EEA-A5A3-4A98-8B66-531FE6780AE7}"
EndProject
Project("{2150E333-8FDC-42A3-9474-1A3956D46DE8}") = "WebAPI Pipeline", "WebAPI Pipeline", "{29EBDCAE-51FB-467A-8425-1C104C476DAF}"
EndProject
Project("{2150E333-8FDC-42A3-9474-1A3956D46DE8}") = "Modules", "Modules", "{161278E8-A596-4B0F-8165-DC893992E14C}"
EndProject
Project("{2150E333-8FDC-42A3-9474-1A3956D46DE8}") = "Handlers", "Handlers", "{EC6B7273-768E-4199-9685-31316D2F0E50}"
EndProject
Project("{FAE04EC0-301F-11D3-BF4B-00C04F79EFBC}") = "ECS.Modules.HttpModule", "ECS.Modules.HttpOptionsModule\ECS.Modules.HttpModule.csproj", "{71432CFA-47BC-4EBA-ACAA-D0048F335E3D}"
EndProject
Project("{FAE04EC0-301F-11D3-BF4B-00C04F79EFBC}") = "ECS.WebAPI.Services.Tests", "ECS.WebAPI.Services.Tests\ECS.WebAPI.Services.Tests.csproj", "{7C603835-8883-428E-BD3A-040ECC06A0DA}"
EndProject
Global
	GlobalSection(SolutionConfigurationPlatforms) = preSolution
		Debug|Any CPU = Debug|Any CPU
		Release|Any CPU = Release|Any CPU
	EndGlobalSection
	GlobalSection(ProjectConfigurationPlatforms) = postSolution
		{5D619797-A7BB-4852-85D5-2BCE200773F8}.Debug|Any CPU.ActiveCfg = Debug|Any CPU
		{5D619797-A7BB-4852-85D5-2BCE200773F8}.Debug|Any CPU.Build.0 = Debug|Any CPU
		{5D619797-A7BB-4852-85D5-2BCE200773F8}.Release|Any CPU.ActiveCfg = Release|Any CPU
		{5D619797-A7BB-4852-85D5-2BCE200773F8}.Release|Any CPU.Build.0 = Release|Any CPU
		{40BC80F4-7950-4A6F-B94F-C35F7081A48B}.Debug|Any CPU.ActiveCfg = Debug|Any CPU
		{40BC80F4-7950-4A6F-B94F-C35F7081A48B}.Debug|Any CPU.Build.0 = Debug|Any CPU
		{40BC80F4-7950-4A6F-B94F-C35F7081A48B}.Release|Any CPU.ActiveCfg = Release|Any CPU
		{40BC80F4-7950-4A6F-B94F-C35F7081A48B}.Release|Any CPU.Build.0 = Release|Any CPU
		{F8F04460-D2EB-4907-8B96-C3B915749A82}.Debug|Any CPU.ActiveCfg = Debug|Any CPU
		{F8F04460-D2EB-4907-8B96-C3B915749A82}.Debug|Any CPU.Build.0 = Debug|Any CPU
		{F8F04460-D2EB-4907-8B96-C3B915749A82}.Release|Any CPU.ActiveCfg = Release|Any CPU
		{F8F04460-D2EB-4907-8B96-C3B915749A82}.Release|Any CPU.Build.0 = Release|Any CPU
		{E8FF7A08-685C-4B1F-A669-3628AE5A8E01}.Debug|Any CPU.ActiveCfg = Debug|Any CPU
		{E8FF7A08-685C-4B1F-A669-3628AE5A8E01}.Debug|Any CPU.Build.0 = Debug|Any CPU
		{E8FF7A08-685C-4B1F-A669-3628AE5A8E01}.Release|Any CPU.ActiveCfg = Release|Any CPU
		{E8FF7A08-685C-4B1F-A669-3628AE5A8E01}.Release|Any CPU.Build.0 = Release|Any CPU
		{B561FD29-6C5E-4F69-8181-B023E154BBD3}.Debug|Any CPU.ActiveCfg = Debug|Any CPU
		{B561FD29-6C5E-4F69-8181-B023E154BBD3}.Debug|Any CPU.Build.0 = Debug|Any CPU
		{B561FD29-6C5E-4F69-8181-B023E154BBD3}.Release|Any CPU.ActiveCfg = Release|Any CPU
		{B561FD29-6C5E-4F69-8181-B023E154BBD3}.Release|Any CPU.Build.0 = Release|Any CPU
		{565B5EEA-A5A3-4A98-8B66-531FE6780AE7}.Debug|Any CPU.ActiveCfg = Debug|Any CPU
		{565B5EEA-A5A3-4A98-8B66-531FE6780AE7}.Debug|Any CPU.Build.0 = Debug|Any CPU
		{565B5EEA-A5A3-4A98-8B66-531FE6780AE7}.Release|Any CPU.ActiveCfg = Release|Any CPU
		{565B5EEA-A5A3-4A98-8B66-531FE6780AE7}.Release|Any CPU.Build.0 = Release|Any CPU
		{71432CFA-47BC-4EBA-ACAA-D0048F335E3D}.Debug|Any CPU.ActiveCfg = Debug|Any CPU
		{71432CFA-47BC-4EBA-ACAA-D0048F335E3D}.Debug|Any CPU.Build.0 = Debug|Any CPU
		{71432CFA-47BC-4EBA-ACAA-D0048F335E3D}.Release|Any CPU.ActiveCfg = Release|Any CPU
		{71432CFA-47BC-4EBA-ACAA-D0048F335E3D}.Release|Any CPU.Build.0 = Release|Any CPU
		{7C603835-8883-428E-BD3A-040ECC06A0DA}.Debug|Any CPU.ActiveCfg = Debug|Any CPU
		{7C603835-8883-428E-BD3A-040ECC06A0DA}.Debug|Any CPU.Build.0 = Debug|Any CPU
		{7C603835-8883-428E-BD3A-040ECC06A0DA}.Release|Any CPU.ActiveCfg = Release|Any CPU
		{7C603835-8883-428E-BD3A-040ECC06A0DA}.Release|Any CPU.Build.0 = Release|Any CPU
	EndGlobalSection
	GlobalSection(SolutionProperties) = preSolution
		HideSolutionNode = FALSE
	EndGlobalSection
	GlobalSection(NestedProjects) = preSolution
		{5D619797-A7BB-4852-85D5-2BCE200773F8} = {543FBCB6-A3C7-4DFA-B603-92A7BA77631E}
		{005067D1-F007-4094-8987-A11A9A76D295} = {543FBCB6-A3C7-4DFA-B603-92A7BA77631E}
		{40BC80F4-7950-4A6F-B94F-C35F7081A48B} = {A432279A-8FAA-42DE-A56B-04612F32BF72}
		{F8F04460-D2EB-4907-8B96-C3B915749A82} = {A432279A-8FAA-42DE-A56B-04612F32BF72}
		{E8FF7A08-685C-4B1F-A669-3628AE5A8E01} = {005067D1-F007-4094-8987-A11A9A76D295}
		{B561FD29-6C5E-4F69-8181-B023E154BBD3} = {CF57320B-093C-4296-B1D8-609572384C71}
		{565B5EEA-A5A3-4A98-8B66-531FE6780AE7} = {005067D1-F007-4094-8987-A11A9A76D295}
		{161278E8-A596-4B0F-8165-DC893992E14C} = {29EBDCAE-51FB-467A-8425-1C104C476DAF}
		{EC6B7273-768E-4199-9685-31316D2F0E50} = {29EBDCAE-51FB-467A-8425-1C104C476DAF}
		{71432CFA-47BC-4EBA-ACAA-D0048F335E3D} = {161278E8-A596-4B0F-8165-DC893992E14C}
		{7C603835-8883-428E-BD3A-040ECC06A0DA} = {CF57320B-093C-4296-B1D8-609572384C71}
	EndGlobalSection
	GlobalSection(ExtensibilityGlobals) = postSolution
		SolutionGuid = {55C5B19F-E2AD-4407-A079-F94B6292FB17}
	EndGlobalSection
EndGlobal
